
Microsoft Visual Studio Solution File, Format Version 12.00
# Visual Studio Version 16
VisualStudioVersion = 16.0.29806.167
MinimumVisualStudioVersion = 10.0.40219.1
Project("{9A19103F-16F7-4668-BE54-9A1E7A4F7556}") = "BoPeepMVC", "BoPeepMVC\BoPeepMVC.csproj", "{C0A7FBD2-0910-4C29-9090-BDB8FAB14EEF}"
EndProject
Global
	GlobalSection(SolutionConfigurationPlatforms) = preSolution
		Debug|Any CPU = Debug|Any CPU
		Release|Any CPU = Release|Any CPU
	EndGlobalSection
	GlobalSection(ProjectConfigurationPlatforms) = postSolution
		{C0A7FBD2-0910-4C29-9090-BDB8FAB14EEF}.Debug|Any CPU.ActiveCfg = Debug|Any CPU
		{C0A7FBD2-0910-4C29-9090-BDB8FAB14EEF}.Debug|Any CPU.Build.0 = Debug|Any CPU
		{C0A7FBD2-0910-4C29-9090-BDB8FAB14EEF}.Release|Any CPU.ActiveCfg = Release|Any CPU
		{C0A7FBD2-0910-4C29-9090-BDB8FAB14EEF}.Release|Any CPU.Build.0 = Release|Any CPU
	EndGlobalSection
	GlobalSection(SolutionProperties) = preSolution
		HideSolutionNode = FALSE
	EndGlobalSection
	GlobalSection(ExtensibilityGlobals) = postSolution
		SolutionGuid = {419EE048-9E38-423E-8990-09C5C659C047}
	EndGlobalSection
EndGlobal
